// !$*UTF8*$!
{
	archiveVersion = 1;
	classes = {
	};
	objectVersion = 56;
	objects = {

/* Begin PBXBuildFile section */
		3C69F37729D1EFA900EB7415 /* ResponseHandler.swift in Sources */ = {isa = PBXBuildFile; fileRef = 3C69F37629D1EFA900EB7415 /* ResponseHandler.swift */; };
		3C69F37929D1EFD100EB7415 /* Network+URLSessionDelegate.swift in Sources */ = {isa = PBXBuildFile; fileRef = 3C69F37829D1EFD100EB7415 /* Network+URLSessionDelegate.swift */; };
		3C69F37B29D1F00300EB7415 /* Network.swift in Sources */ = {isa = PBXBuildFile; fileRef = 3C69F37A29D1F00300EB7415 /* Network.swift */; };
		3C69F37D29D1F00C00EB7415 /* NetworkError.swift in Sources */ = {isa = PBXBuildFile; fileRef = 3C69F37C29D1F00C00EB7415 /* NetworkError.swift */; };
		3C69F37F29D1F11C00EB7415 /* RandomDogView.swift in Sources */ = {isa = PBXBuildFile; fileRef = 3C69F37E29D1F11C00EB7415 /* RandomDogView.swift */; };
		3C69F38129D1F19600EB7415 /* FindBreedView.swift in Sources */ = {isa = PBXBuildFile; fileRef = 3C69F38029D1F19600EB7415 /* FindBreedView.swift */; };
		3C69F38329D1F1C900EB7415 /* DogElement.swift in Sources */ = {isa = PBXBuildFile; fileRef = 3C69F38229D1F1C900EB7415 /* DogElement.swift */; };
		3C69F38529D1F1D100EB7415 /* Breed.swift in Sources */ = {isa = PBXBuildFile; fileRef = 3C69F38429D1F1D100EB7415 /* Breed.swift */; };
		3C69F38729D1F22400EB7415 /* RandomDogViewModel.swift in Sources */ = {isa = PBXBuildFile; fileRef = 3C69F38629D1F22400EB7415 /* RandomDogViewModel.swift */; };
		3C69F38929D1F22F00EB7415 /* FindBreedViewModel.swift in Sources */ = {isa = PBXBuildFile; fileRef = 3C69F38829D1F22F00EB7415 /* FindBreedViewModel.swift */; };
		3CAEB68829D1EE2B005874B3 /* BreedsApp.swift in Sources */ = {isa = PBXBuildFile; fileRef = 3CAEB68729D1EE2B005874B3 /* BreedsApp.swift */; };
		3CAEB68A29D1EE2B005874B3 /* ContentView.swift in Sources */ = {isa = PBXBuildFile; fileRef = 3CAEB68929D1EE2B005874B3 /* ContentView.swift */; };
		3CAEB68C29D1EE2C005874B3 /* Assets.xcassets in Resources */ = {isa = PBXBuildFile; fileRef = 3CAEB68B29D1EE2C005874B3 /* Assets.xcassets */; };
		3CAEB68F29D1EE2C005874B3 /* Preview Assets.xcassets in Resources */ = {isa = PBXBuildFile; fileRef = 3CAEB68E29D1EE2C005874B3 /* Preview Assets.xcassets */; };
/* End PBXBuildFile section */

/* Begin PBXFileReference section */
		3C69F37629D1EFA900EB7415 /* ResponseHandler.swift */ = {isa = PBXFileReference; lastKnownFileType = sourcecode.swift; path = ResponseHandler.swift; sourceTree = "<group>"; };
		3C69F37829D1EFD100EB7415 /* Network+URLSessionDelegate.swift */ = {isa = PBXFileReference; lastKnownFileType = sourcecode.swift; path = "Network+URLSessionDelegate.swift"; sourceTree = "<group>"; };
		3C69F37A29D1F00300EB7415 /* Network.swift */ = {isa = PBXFileReference; lastKnownFileType = sourcecode.swift; path = Network.swift; sourceTree = "<group>"; };
		3C69F37C29D1F00C00EB7415 /* NetworkError.swift */ = {isa = PBXFileReference; lastKnownFileType = sourcecode.swift; path = NetworkError.swift; sourceTree = "<group>"; };
		3C69F37E29D1F11C00EB7415 /* RandomDogView.swift */ = {isa = PBXFileReference; lastKnownFileType = sourcecode.swift; path = RandomDogView.swift; sourceTree = "<group>"; };
		3C69F38029D1F19600EB7415 /* FindBreedView.swift */ = {isa = PBXFileReference; lastKnownFileType = sourcecode.swift; path = FindBreedView.swift; sourceTree = "<group>"; };
		3C69F38229D1F1C900EB7415 /* DogElement.swift */ = {isa = PBXFileReference; lastKnownFileType = sourcecode.swift; path = DogElement.swift; sourceTree = "<group>"; };
		3C69F38429D1F1D100EB7415 /* Breed.swift */ = {isa = PBXFileReference; lastKnownFileType = sourcecode.swift; path = Breed.swift; sourceTree = "<group>"; };
		3C69F38629D1F22400EB7415 /* RandomDogViewModel.swift */ = {isa = PBXFileReference; lastKnownFileType = sourcecode.swift; path = RandomDogViewModel.swift; sourceTree = "<group>"; };
		3C69F38829D1F22F00EB7415 /* FindBreedViewModel.swift */ = {isa = PBXFileReference; lastKnownFileType = sourcecode.swift; path = FindBreedViewModel.swift; sourceTree = "<group>"; };
		3CAEB68429D1EE2B005874B3 /* Breeds.app */ = {isa = PBXFileReference; explicitFileType = wrapper.application; includeInIndex = 0; path = Breeds.app; sourceTree = BUILT_PRODUCTS_DIR; };
		3CAEB68729D1EE2B005874B3 /* BreedsApp.swift */ = {isa = PBXFileReference; lastKnownFileType = sourcecode.swift; path = BreedsApp.swift; sourceTree = "<group>"; };
		3CAEB68929D1EE2B005874B3 /* ContentView.swift */ = {isa = PBXFileReference; lastKnownFileType = sourcecode.swift; path = ContentView.swift; sourceTree = "<group>"; };
		3CAEB68B29D1EE2C005874B3 /* Assets.xcassets */ = {isa = PBXFileReference; lastKnownFileType = folder.assetcatalog; path = Assets.xcassets; sourceTree = "<group>"; };
		3CAEB68E29D1EE2C005874B3 /* Preview Assets.xcassets */ = {isa = PBXFileReference; lastKnownFileType = folder.assetcatalog; path = "Preview Assets.xcassets"; sourceTree = "<group>"; };
/* End PBXFileReference section */

/* Begin PBXFrameworksBuildPhase section */
		3CAEB68129D1EE2B005874B3 /* Frameworks */ = {
			isa = PBXFrameworksBuildPhase;
			buildActionMask = 2147483647;
			files = (
			);
			runOnlyForDeploymentPostprocessing = 0;
		};
/* End PBXFrameworksBuildPhase section */

/* Begin PBXGroup section */
		3C69F37129D1EF5600EB7415 /* Helpers */ = {
			isa = PBXGroup;
			children = (
				3C69F37629D1EFA900EB7415 /* ResponseHandler.swift */,
				3C69F37829D1EFD100EB7415 /* Network+URLSessionDelegate.swift */,
			);
			path = Helpers;
			sourceTree = "<group>";
		};
		3C69F37229D1EF5D00EB7415 /* Network */ = {
			isa = PBXGroup;
			children = (
				3C69F37A29D1F00300EB7415 /* Network.swift */,
				3C69F37C29D1F00C00EB7415 /* NetworkError.swift */,
			);
			path = Network;
			sourceTree = "<group>";
		};
		3C69F37329D1EF6600EB7415 /* ViewModels */ = {
			isa = PBXGroup;
			children = (
				3C69F38629D1F22400EB7415 /* RandomDogViewModel.swift */,
				3C69F38829D1F22F00EB7415 /* FindBreedViewModel.swift */,
			);
			path = ViewModels;
			sourceTree = "<group>";
		};
		3C69F37429D1EF6D00EB7415 /* Models */ = {
			isa = PBXGroup;
			children = (
				3C69F38229D1F1C900EB7415 /* DogElement.swift */,
				3C69F38429D1F1D100EB7415 /* Breed.swift */,
			);
			path = Models;
			sourceTree = "<group>";
		};
		3C69F37529D1EF7300EB7415 /* Views */ = {
			isa = PBXGroup;
			children = (
				3CAEB68929D1EE2B005874B3 /* ContentView.swift */,
				3C69F37E29D1F11C00EB7415 /* RandomDogView.swift */,
				3C69F38029D1F19600EB7415 /* FindBreedView.swift */,
			);
			path = Views;
			sourceTree = "<group>";
		};
		3CAEB67B29D1EE2B005874B3 = {
			isa = PBXGroup;
			children = (
				3CAEB68629D1EE2B005874B3 /* Breeds */,
				3CAEB68529D1EE2B005874B3 /* Products */,
			);
			sourceTree = "<group>";
		};
		3CAEB68529D1EE2B005874B3 /* Products */ = {
			isa = PBXGroup;
			children = (
				3CAEB68429D1EE2B005874B3 /* Breeds.app */,
			);
			name = Products;
			sourceTree = "<group>";
		};
		3CAEB68629D1EE2B005874B3 /* Breeds */ = {
			isa = PBXGroup;
			children = (
				3C69F37529D1EF7300EB7415 /* Views */,
				3C69F37429D1EF6D00EB7415 /* Models */,
				3C69F37329D1EF6600EB7415 /* ViewModels */,
				3C69F37229D1EF5D00EB7415 /* Network */,
				3C69F37129D1EF5600EB7415 /* Helpers */,
				3CAEB68729D1EE2B005874B3 /* BreedsApp.swift */,
				3CAEB68B29D1EE2C005874B3 /* Assets.xcassets */,
				3CAEB68D29D1EE2C005874B3 /* Preview Content */,
			);
			path = Breeds;
			sourceTree = "<group>";
		};
		3CAEB68D29D1EE2C005874B3 /* Preview Content */ = {
			isa = PBXGroup;
			children = (
				3CAEB68E29D1EE2C005874B3 /* Preview Assets.xcassets */,
			);
			path = "Preview Content";
			sourceTree = "<group>";
		};
/* End PBXGroup section */

/* Begin PBXNativeTarget section */
		3CAEB68329D1EE2B005874B3 /* Breeds */ = {
			isa = PBXNativeTarget;
			buildConfigurationList = 3CAEB69229D1EE2C005874B3 /* Build configuration list for PBXNativeTarget "Breeds" */;
			buildPhases = (
				3CAEB68029D1EE2B005874B3 /* Sources */,
				3CAEB68129D1EE2B005874B3 /* Frameworks */,
				3CAEB68229D1EE2B005874B3 /* Resources */,
			);
			buildRules = (
			);
			dependencies = (
			);
			name = Breeds;
			productName = Breeds;
			productReference = 3CAEB68429D1EE2B005874B3 /* Breeds.app */;
			productType = "com.apple.product-type.application";
		};
/* End PBXNativeTarget section */

/* Begin PBXProject section */
		3CAEB67C29D1EE2B005874B3 /* Project object */ = {
			isa = PBXProject;
			attributes = {
				BuildIndependentTargetsInParallel = 1;
				LastSwiftUpdateCheck = 1420;
				LastUpgradeCheck = 1420;
				TargetAttributes = {
					3CAEB68329D1EE2B005874B3 = {
						CreatedOnToolsVersion = 14.2;
					};
				};
			};
			buildConfigurationList = 3CAEB67F29D1EE2B005874B3 /* Build configuration list for PBXProject "Breeds" */;
			compatibilityVersion = "Xcode 14.0";
			developmentRegion = en;
			hasScannedForEncodings = 0;
			knownRegions = (
				en,
				Base,
			);
			mainGroup = 3CAEB67B29D1EE2B005874B3;
			productRefGroup = 3CAEB68529D1EE2B005874B3 /* Products */;
			projectDirPath = "";
			projectRoot = "";
			targets = (
				3CAEB68329D1EE2B005874B3 /* Breeds */,
			);
		};
/* End PBXProject section */

/* Begin PBXResourcesBuildPhase section */
		3CAEB68229D1EE2B005874B3 /* Resources */ = {
			isa = PBXResourcesBuildPhase;
			buildActionMask = 2147483647;
			files = (
				3CAEB68F29D1EE2C005874B3 /* Preview Assets.xcassets in Resources */,
				3CAEB68C29D1EE2C005874B3 /* Assets.xcassets in Resources */,
			);
			runOnlyForDeploymentPostprocessing = 0;
		};
/* End PBXResourcesBuildPhase section */

/* Begin PBXSourcesBuildPhase section */
		3CAEB68029D1EE2B005874B3 /* Sources */ = {
			isa = PBXSourcesBuildPhase;
			buildActionMask = 2147483647;
			files = (
				3C69F37F29D1F11C00EB7415 /* RandomDogView.swift in Sources */,
				3C69F37B29D1F00300EB7415 /* Network.swift in Sources */,
				3C69F37929D1EFD100EB7415 /* Network+URLSessionDelegate.swift in Sources */,
				3CAEB68A29D1EE2B005874B3 /* ContentView.swift in Sources */,
				3C69F38129D1F19600EB7415 /* FindBreedView.swift in Sources */,
				3C69F37D29D1F00C00EB7415 /* NetworkError.swift in Sources */,
				3C69F38729D1F22400EB7415 /* RandomDogViewModel.swift in Sources */,
				3CAEB68829D1EE2B005874B3 /* BreedsApp.swift in Sources */,
				3C69F37729D1EFA900EB7415 /* ResponseHandler.swift in Sources */,
				3C69F38529D1F1D100EB7415 /* Breed.swift in Sources */,
				3C69F38929D1F22F00EB7415 /* FindBreedViewModel.swift in Sources */,
				3C69F38329D1F1C900EB7415 /* DogElement.swift in Sources */,
			);
			runOnlyForDeploymentPostprocessing = 0;
		};
/* End PBXSourcesBuildPhase section */

/* Begin XCBuildConfiguration section */
		3CAEB69029D1EE2C005874B3 /* Debug */ = {
			isa = XCBuildConfiguration;
			buildSettings = {
				ALWAYS_SEARCH_USER_PATHS = NO;
				CLANG_ANALYZER_NONNULL = YES;
				CLANG_ANALYZER_NUMBER_OBJECT_CONVERSION = YES_AGGRESSIVE;
				CLANG_CXX_LANGUAGE_STANDARD = "gnu++20";
				CLANG_ENABLE_MODULES = YES;
				CLANG_ENABLE_OBJC_ARC = YES;
				CLANG_ENABLE_OBJC_WEAK = YES;
				CLANG_WARN_BLOCK_CAPTURE_AUTORELEASING = YES;
				CLANG_WARN_BOOL_CONVERSION = YES;
				CLANG_WARN_COMMA = YES;
				CLANG_WARN_CONSTANT_CONVERSION = YES;
				CLANG_WARN_DEPRECATED_OBJC_IMPLEMENTATIONS = YES;
				CLANG_WARN_DIRECT_OBJC_ISA_USAGE = YES_ERROR;
				CLANG_WARN_DOCUMENTATION_COMMENTS = YES;
				CLANG_WARN_EMPTY_BODY = YES;
				CLANG_WARN_ENUM_CONVERSION = YES;
				CLANG_WARN_INFINITE_RECURSION = YES;
				CLANG_WARN_INT_CONVERSION = YES;
				CLANG_WARN_NON_LITERAL_NULL_CONVERSION = YES;
				CLANG_WARN_OBJC_IMPLICIT_RETAIN_SELF = YES;
				CLANG_WARN_OBJC_LITERAL_CONVERSION = YES;
				CLANG_WARN_OBJC_ROOT_CLASS = YES_ERROR;
				CLANG_WARN_QUOTED_INCLUDE_IN_FRAMEWORK_HEADER = YES;
				CLANG_WARN_RANGE_LOOP_ANALYSIS = YES;
				CLANG_WARN_STRICT_PROTOTYPES = YES;
				CLANG_WARN_SUSPICIOUS_MOVE = YES;
				CLANG_WARN_UNGUARDED_AVAILABILITY = YES_AGGRESSIVE;
				CLANG_WARN_UNREACHABLE_CODE = YES;
				CLANG_WARN__DUPLICATE_METHOD_MATCH = YES;
				COPY_PHASE_STRIP = NO;
				DEBUG_INFORMATION_FORMAT = dwarf;
				ENABLE_STRICT_OBJC_MSGSEND = YES;
				ENABLE_TESTABILITY = YES;
				GCC_C_LANGUAGE_STANDARD = gnu11;
				GCC_DYNAMIC_NO_PIC = NO;
				GCC_NO_COMMON_BLOCKS = YES;
				GCC_OPTIMIZATION_LEVEL = 0;
				GCC_PREPROCESSOR_DEFINITIONS = (
					"DEBUG=1",
					"$(inherited)",
				);
				GCC_WARN_64_TO_32_BIT_CONVERSION = YES;
				GCC_WARN_ABOUT_RETURN_TYPE = YES_ERROR;
				GCC_WARN_UNDECLARED_SELECTOR = YES;
				GCC_WARN_UNINITIALIZED_AUTOS = YES_AGGRESSIVE;
				GCC_WARN_UNUSED_FUNCTION = YES;
				GCC_WARN_UNUSED_VARIABLE = YES;
				IPHONEOS_DEPLOYMENT_TARGET = 16.2;
				MTL_ENABLE_DEBUG_INFO = INCLUDE_SOURCE;
				MTL_FAST_MATH = YES;
				ONLY_ACTIVE_ARCH = YES;
				SDKROOT = iphoneos;
				SWIFT_ACTIVE_COMPILATION_CONDITIONS = DEBUG;
				SWIFT_OPTIMIZATION_LEVEL = "-Onone";
			};
			name = Debug;
		};
		3CAEB69129D1EE2C005874B3 /* Release */ = {
			isa = XCBuildConfiguration;
			buildSettings = {
				ALWAYS_SEARCH_USER_PATHS = NO;
				CLANG_ANALYZER_NONNULL = YES;
				CLANG_ANALYZER_NUMBER_OBJECT_CONVERSION = YES_AGGRESSIVE;
				CLANG_CXX_LANGUAGE_STANDARD = "gnu++20";
				CLANG_ENABLE_MODULES = YES;
				CLANG_ENABLE_OBJC_ARC = YES;
				CLANG_ENABLE_OBJC_WEAK = YES;
				CLANG_WARN_BLOCK_CAPTURE_AUTORELEASING = YES;
				CLANG_WARN_BOOL_CONVERSION = YES;
				CLANG_WARN_COMMA = YES;
				CLANG_WARN_CONSTANT_CONVERSION = YES;
				CLANG_WARN_DEPRECATED_OBJC_IMPLEMENTATIONS = YES;
				CLANG_WARN_DIRECT_OBJC_ISA_USAGE = YES_ERROR;
				CLANG_WARN_DOCUMENTATION_COMMENTS = YES;
				CLANG_WARN_EMPTY_BODY = YES;
				CLANG_WARN_ENUM_CONVERSION = YES;
				CLANG_WARN_INFINITE_RECURSION = YES;
				CLANG_WARN_INT_CONVERSION = YES;
				CLANG_WARN_NON_LITERAL_NULL_CONVERSION = YES;
				CLANG_WARN_OBJC_IMPLICIT_RETAIN_SELF = YES;
				CLANG_WARN_OBJC_LITERAL_CONVERSION = YES;
				CLANG_WARN_OBJC_ROOT_CLASS = YES_ERROR;
				CLANG_WARN_QUOTED_INCLUDE_IN_FRAMEWORK_HEADER = YES;
				CLANG_WARN_RANGE_LOOP_ANALYSIS = YES;
				CLANG_WARN_STRICT_PROTOTYPES = YES;
				CLANG_WARN_SUSPICIOUS_MOVE = YES;
				CLANG_WARN_UNGUARDED_AVAILABILITY = YES_AGGRESSIVE;
				CLANG_WARN_UNREACHABLE_CODE = YES;
				CLANG_WARN__DUPLICATE_METHOD_MATCH = YES;
				COPY_PHASE_STRIP = NO;
				DEBUG_INFORMATION_FORMAT = "dwarf-with-dsym";
				ENABLE_NS_ASSERTIONS = NO;
				ENABLE_STRICT_OBJC_MSGSEND = YES;
				GCC_C_LANGUAGE_STANDARD = gnu11;
				GCC_NO_COMMON_BLOCKS = YES;
				GCC_WARN_64_TO_32_BIT_CONVERSION = YES;
				GCC_WARN_ABOUT_RETURN_TYPE = YES_ERROR;
				GCC_WARN_UNDECLARED_SELECTOR = YES;
				GCC_WARN_UNINITIALIZED_AUTOS = YES_AGGRESSIVE;
				GCC_WARN_UNUSED_FUNCTION = YES;
				GCC_WARN_UNUSED_VARIABLE = YES;
				IPHONEOS_DEPLOYMENT_TARGET = 16.2;
				MTL_ENABLE_DEBUG_INFO = NO;
				MTL_FAST_MATH = YES;
				SDKROOT = iphoneos;
				SWIFT_COMPILATION_MODE = wholemodule;
				SWIFT_OPTIMIZATION_LEVEL = "-O";
				VALIDATE_PRODUCT = YES;
			};
			name = Release;
		};
		3CAEB69329D1EE2C005874B3 /* Debug */ = {
			isa = XCBuildConfiguration;
			buildSettings = {
				ASSETCATALOG_COMPILER_APPICON_NAME = AppIcon;
				ASSETCATALOG_COMPILER_GLOBAL_ACCENT_COLOR_NAME = AccentColor;
				CODE_SIGN_STYLE = Automatic;
				CURRENT_PROJECT_VERSION = 1;
				DEVELOPMENT_ASSET_PATHS = "\"Breeds/Preview Content\"";
				DEVELOPMENT_TEAM = 34LVYTMLPW;
				ENABLE_PREVIEWS = YES;
				GENERATE_INFOPLIST_FILE = YES;
				INFOPLIST_KEY_UIApplicationSceneManifest_Generation = YES;
				INFOPLIST_KEY_UIApplicationSupportsIndirectInputEvents = YES;
				INFOPLIST_KEY_UILaunchScreen_Generation = YES;
				INFOPLIST_KEY_UISupportedInterfaceOrientations_iPad = "UIInterfaceOrientationPortrait UIInterfaceOrientationPortraitUpsideDown UIInterfaceOrientationLandscapeLeft UIInterfaceOrientationLandscapeRight";
				INFOPLIST_KEY_UISupportedInterfaceOrientations_iPhone = "UIInterfaceOrientationPortrait UIInterfaceOrientationLandscapeLeft UIInterfaceOrientationLandscapeRight";
				LD_RUNPATH_SEARCH_PATHS = (
					"$(inherited)",
					"@executable_path/Frameworks",
				);
				MARKETING_VERSION = 1.0;
				PRODUCT_BUNDLE_IDENTIFIER = com.NCX.AppleAcademy.Breeds;
				PRODUCT_NAME = "$(TARGET_NAME)";
				SWIFT_EMIT_LOC_STRINGS = YES;
				SWIFT_VERSION = 5.0;
				TARGETED_DEVICE_FAMILY = "1,2";
			};
			name = Debug;
		};
		3CAEB69429D1EE2C005874B3 /* Release */ = {
			isa = XCBuildConfiguration;
			buildSettings = {
				ASSETCATALOG_COMPILER_APPICON_NAME = AppIcon;
				ASSETCATALOG_COMPILER_GLOBAL_ACCENT_COLOR_NAME = AccentColor;
				CODE_SIGN_STYLE = Automatic;
				CURRENT_PROJECT_VERSION = 1;
				DEVELOPMENT_ASSET_PATHS = "\"Breeds/Preview Content\"";
				DEVELOPMENT_TEAM = 34LVYTMLPW;
				ENABLE_PREVIEWS = YES;
				GENERATE_INFOPLIST_FILE = YES;
				INFOPLIST_KEY_UIApplicationSceneManifest_Generation = YES;
				INFOPLIST_KEY_UIApplicationSupportsIndirectInputEvents = YES;
				INFOPLIST_KEY_UILaunchScreen_Generation = YES;
				INFOPLIST_KEY_UISupportedInterfaceOrientations_iPad = "UIInterfaceOrientationPortrait UIInterfaceOrientationPortraitUpsideDown UIInterfaceOrientationLandscapeLeft UIInterfaceOrientationLandscapeRight";
				INFOPLIST_KEY_UISupportedInterfaceOrientations_iPhone = "UIInterfaceOrientationPortrait UIInterfaceOrientationLandscapeLeft UIInterfaceOrientationLandscapeRight";
				LD_RUNPATH_SEARCH_PATHS = (
					"$(inherited)",
					"@executable_path/Frameworks",
				);
				MARKETING_VERSION = 1.0;
				PRODUCT_BUNDLE_IDENTIFIER = com.NCX.AppleAcademy.Breeds;
				PRODUCT_NAME = "$(TARGET_NAME)";
				SWIFT_EMIT_LOC_STRINGS = YES;
				SWIFT_VERSION = 5.0;
				TARGETED_DEVICE_FAMILY = "1,2";
			};
			name = Release;
		};
/* End XCBuildConfiguration section */

/* Begin XCConfigurationList section */
		3CAEB67F29D1EE2B005874B3 /* Build configuration list for PBXProject "Breeds" */ = {
			isa = XCConfigurationList;
			buildConfigurations = (
				3CAEB69029D1EE2C005874B3 /* Debug */,
				3CAEB69129D1EE2C005874B3 /* Release */,
			);
			defaultConfigurationIsVisible = 0;
			defaultConfigurationName = Release;
		};
		3CAEB69229D1EE2C005874B3 /* Build configuration list for PBXNativeTarget "Breeds" */ = {
			isa = XCConfigurationList;
			buildConfigurations = (
				3CAEB69329D1EE2C005874B3 /* Debug */,
				3CAEB69429D1EE2C005874B3 /* Release */,
			);
			defaultConfigurationIsVisible = 0;
			defaultConfigurationName = Release;
		};
/* End XCConfigurationList section */
	};
	rootObject = 3CAEB67C29D1EE2B005874B3 /* Project object */;
}
